// !$*UTF8*$!
{
	archiveVersion = 1;
	classes = {
	};
	objectVersion = 77;
	objects = {

/* Begin PBXContainerItemProxy section */
		CA40B0462E7C6B4500C6FCCE /* PBXContainerItemProxy */ = {
			isa = PBXContainerItemProxy;
			containerPortal = CA40B02E2E7C6B4300C6FCCE /* Project object */;
			proxyType = 1;
			remoteGlobalIDString = CA40B0352E7C6B4300C6FCCE;
			remoteInfo = VehicleCompanion;
		};
		CA40B0502E7C6B4500C6FCCE /* PBXContainerItemProxy */ = {
			isa = PBXContainerItemProxy;
			containerPortal = CA40B02E2E7C6B4300C6FCCE /* Project object */;
			proxyType = 1;
			remoteGlobalIDString = CA40B0352E7C6B4300C6FCCE;
			remoteInfo = VehicleCompanion;
		};
/* End PBXContainerItemProxy section */

/* Begin PBXFileReference section */
		CA40B0362E7C6B4300C6FCCE /* VehicleCompanion.app */ = {isa = PBXFileReference; explicitFileType = wrapper.application; includeInIndex = 0; path = VehicleCompanion.app; sourceTree = BUILT_PRODUCTS_DIR; };
		CA40B0452E7C6B4500C6FCCE /* VehicleCompanionTests.xctest */ = {isa = PBXFileReference; explicitFileType = wrapper.cfbundle; includeInIndex = 0; path = VehicleCompanionTests.xctest; sourceTree = BUILT_PRODUCTS_DIR; };
		CA40B04F2E7C6B4500C6FCCE /* VehicleCompanionUITests.xctest */ = {isa = PBXFileReference; explicitFileType = wrapper.cfbundle; includeInIndex = 0; path = VehicleCompanionUITests.xctest; sourceTree = BUILT_PRODUCTS_DIR; };
/* End PBXFileReference section */

/* Begin PBXFileSystemSynchronizedRootGroup section */
		CA40B0382E7C6B4300C6FCCE /* VehicleCompanion */ = {
			isa = PBXFileSystemSynchronizedRootGroup;
			path = VehicleCompanion;
			sourceTree = "<group>";
		};
		CA40B0482E7C6B4500C6FCCE /* VehicleCompanionTests */ = {
			isa = PBXFileSystemSynchronizedRootGroup;
			path = VehicleCompanionTests;
			sourceTree = "<group>";
		};
		CA40B0522E7C6B4500C6FCCE /* VehicleCompanionUITests */ = {
			isa = PBXFileSystemSynchronizedRootGroup;
			path = VehicleCompanionUITests;
			sourceTree = "<group>";
		};
/* End PBXFileSystemSynchronizedRootGroup section */

/* Begin PBXFrameworksBuildPhase section */
		CA40B0332E7C6B4300C6FCCE /* Frameworks */ = {
			isa = PBXFrameworksBuildPhase;
			buildActionMask = 2147483647;
			files = (
			);
			runOnlyForDeploymentPostprocessing = 0;
		};
		CA40B0422E7C6B4500C6FCCE /* Frameworks */ = {
			isa = PBXFrameworksBuildPhase;
			buildActionMask = 2147483647;
			files = (
			);
			runOnlyForDeploymentPostprocessing = 0;
		};
		CA40B04C2E7C6B4500C6FCCE /* Frameworks */ = {
			isa = PBXFrameworksBuildPhase;
			buildActionMask = 2147483647;
			files = (
			);
			runOnlyForDeploymentPostprocessing = 0;
		};
/* End PBXFrameworksBuildPhase section */

/* Begin PBXGroup section */
		CA40B02D2E7C6B4300C6FCCE = {
			isa = PBXGroup;
			children = (
				CA40B0382E7C6B4300C6FCCE /* VehicleCompanion */,
				CA40B0482E7C6B4500C6FCCE /* VehicleCompanionTests */,
				CA40B0522E7C6B4500C6FCCE /* VehicleCompanionUITests */,
				CA40B0372E7C6B4300C6FCCE /* Products */,
			);
			sourceTree = "<group>";
		};
		CA40B0372E7C6B4300C6FCCE /* Products */ = {
			isa = PBXGroup;
			children = (
				CA40B0362E7C6B4300C6FCCE /* VehicleCompanion.app */,
				CA40B0452E7C6B4500C6FCCE /* VehicleCompanionTests.xctest */,
				CA40B04F2E7C6B4500C6FCCE /* VehicleCompanionUITests.xctest */,
			);
			name = Products;
			sourceTree = "<group>";
		};
/* End PBXGroup section */

/* Begin PBXNativeTarget section */
		CA40B0352E7C6B4300C6FCCE /* VehicleCompanion */ = {
			isa = PBXNativeTarget;
			buildConfigurationList = CA40B0592E7C6B4500C6FCCE /* Build configuration list for PBXNativeTarget "VehicleCompanion" */;
			buildPhases = (
				CA40B0322E7C6B4300C6FCCE /* Sources */,
				CA40B0332E7C6B4300C6FCCE /* Frameworks */,
				CA40B0342E7C6B4300C6FCCE /* Resources */,
			);
			buildRules = (
			);
			dependencies = (
			);
			fileSystemSynchronizedGroups = (
				CA40B0382E7C6B4300C6FCCE /* VehicleCompanion */,
			);
			name = VehicleCompanion;
			packageProductDependencies = (
			);
			productName = VehicleCompanion;
			productReference = CA40B0362E7C6B4300C6FCCE /* VehicleCompanion.app */;
			productType = "com.apple.product-type.application";
		};
		CA40B0442E7C6B4500C6FCCE /* VehicleCompanionTests */ = {
			isa = PBXNativeTarget;
			buildConfigurationList = CA40B05C2E7C6B4500C6FCCE /* Build configuration list for PBXNativeTarget "VehicleCompanionTests" */;
			buildPhases = (
				CA40B0412E7C6B4500C6FCCE /* Sources */,
				CA40B0422E7C6B4500C6FCCE /* Frameworks */,
				CA40B0432E7C6B4500C6FCCE /* Resources */,
			);
			buildRules = (
			);
			dependencies = (
				CA40B0472E7C6B4500C6FCCE /* PBXTargetDependency */,
			);
			fileSystemSynchronizedGroups = (
				CA40B0482E7C6B4500C6FCCE /* VehicleCompanionTests */,
			);
			name = VehicleCompanionTests;
			packageProductDependencies = (
			);
			productName = VehicleCompanionTests;
			productReference = CA40B0452E7C6B4500C6FCCE /* VehicleCompanionTests.xctest */;
			productType = "com.apple.product-type.bundle.unit-test";
		};
		CA40B04E2E7C6B4500C6FCCE /* VehicleCompanionUITests */ = {
			isa = PBXNativeTarget;
			buildConfigurationList = CA40B05F2E7C6B4500C6FCCE /* Build configuration list for PBXNativeTarget "VehicleCompanionUITests" */;
			buildPhases = (
				CA40B04B2E7C6B4500C6FCCE /* Sources */,
				CA40B04C2E7C6B4500C6FCCE /* Frameworks */,
				CA40B04D2E7C6B4500C6FCCE /* Resources */,
			);
			buildRules = (
			);
			dependencies = (
				CA40B0512E7C6B4500C6FCCE /* PBXTargetDependency */,
			);
			fileSystemSynchronizedGroups = (
				CA40B0522E7C6B4500C6FCCE /* VehicleCompanionUITests */,
			);
			name = VehicleCompanionUITests;
			packageProductDependencies = (
			);
			productName = VehicleCompanionUITests;
			productReference = CA40B04F2E7C6B4500C6FCCE /* VehicleCompanionUITests.xctest */;
			productType = "com.apple.product-type.bundle.ui-testing";
		};
/* End PBXNativeTarget section */

/* Begin PBXProject section */
		CA40B02E2E7C6B4300C6FCCE /* Project object */ = {
			isa = PBXProject;
			attributes = {
				BuildIndependentTargetsInParallel = 1;
				LastSwiftUpdateCheck = 2600;
				LastUpgradeCheck = 2600;
				TargetAttributes = {
					CA40B0352E7C6B4300C6FCCE = {
						CreatedOnToolsVersion = 26.0;
					};
					CA40B0442E7C6B4500C6FCCE = {
						CreatedOnToolsVersion = 26.0;
						TestTargetID = CA40B0352E7C6B4300C6FCCE;
					};
					CA40B04E2E7C6B4500C6FCCE = {
						CreatedOnToolsVersion = 26.0;
						TestTargetID = CA40B0352E7C6B4300C6FCCE;
					};
				};
			};
			buildConfigurationList = CA40B0312E7C6B4300C6FCCE /* Build configuration list for PBXProject "VehicleCompanion" */;
			developmentRegion = en;
			hasScannedForEncodings = 0;
			knownRegions = (
				en,
				Base,
			);
			mainGroup = CA40B02D2E7C6B4300C6FCCE;
			minimizedProjectReferenceProxies = 1;
			preferredProjectObjectVersion = 77;
			productRefGroup = CA40B0372E7C6B4300C6FCCE /* Products */;
			projectDirPath = "";
			projectRoot = "";
			targets = (
				CA40B0352E7C6B4300C6FCCE /* VehicleCompanion */,
				CA40B0442E7C6B4500C6FCCE /* VehicleCompanionTests */,
				CA40B04E2E7C6B4500C6FCCE /* VehicleCompanionUITests */,
			);
		};
/* End PBXProject section */

/* Begin PBXResourcesBuildPhase section */
		CA40B0342E7C6B4300C6FCCE /* Resources */ = {
			isa = PBXResourcesBuildPhase;
			buildActionMask = 2147483647;
			files = (
			);
			runOnlyForDeploymentPostprocessing = 0;
		};
		CA40B0432E7C6B4500C6FCCE /* Resources */ = {
			isa = PBXResourcesBuildPhase;
			buildActionMask = 2147483647;
			files = (
			);
			runOnlyForDeploymentPostprocessing = 0;
		};
		CA40B04D2E7C6B4500C6FCCE /* Resources */ = {
			isa = PBXResourcesBuildPhase;
			buildActionMask = 2147483647;
			files = (
			);
			runOnlyForDeploymentPostprocessing = 0;
		};
/* End PBXResourcesBuildPhase section */

/* Begin PBXSourcesBuildPhase section */
		CA40B0322E7C6B4300C6FCCE /* Sources */ = {
			isa = PBXSourcesBuildPhase;
			buildActionMask = 2147483647;
			files = (
			);
			runOnlyForDeploymentPostprocessing = 0;
		};
		CA40B0412E7C6B4500C6FCCE /* Sources */ = {
			isa = PBXSourcesBuildPhase;
			buildActionMask = 2147483647;
			files = (
			);
			runOnlyForDeploymentPostprocessing = 0;
		};
		CA40B04B2E7C6B4500C6FCCE /* Sources */ = {
			isa = PBXSourcesBuildPhase;
			buildActionMask = 2147483647;
			files = (
			);
			runOnlyForDeploymentPostprocessing = 0;
		};
/* End PBXSourcesBuildPhase section */

/* Begin PBXTargetDependency section */
		CA40B0472E7C6B4500C6FCCE /* PBXTargetDependency */ = {
			isa = PBXTargetDependency;
			target = CA40B0352E7C6B4300C6FCCE /* VehicleCompanion */;
			targetProxy = CA40B0462E7C6B4500C6FCCE /* PBXContainerItemProxy */;
		};
		CA40B0512E7C6B4500C6FCCE /* PBXTargetDependency */ = {
			isa = PBXTargetDependency;
			target = CA40B0352E7C6B4300C6FCCE /* VehicleCompanion */;
			targetProxy = CA40B0502E7C6B4500C6FCCE /* PBXContainerItemProxy */;
		};
/* End PBXTargetDependency section */

/* Begin XCBuildConfiguration section */
		CA40B0572E7C6B4500C6FCCE /* Debug */ = {
			isa = XCBuildConfiguration;
			buildSettings = {
				ALWAYS_SEARCH_USER_PATHS = NO;
				ASSETCATALOG_COMPILER_GENERATE_SWIFT_ASSET_SYMBOL_EXTENSIONS = YES;
				CLANG_ANALYZER_NONNULL = YES;
				CLANG_ANALYZER_NUMBER_OBJECT_CONVERSION = YES_AGGRESSIVE;
				CLANG_CXX_LANGUAGE_STANDARD = "gnu++20";
				CLANG_ENABLE_MODULES = YES;
				CLANG_ENABLE_OBJC_ARC = YES;
				CLANG_ENABLE_OBJC_WEAK = YES;
				CLANG_WARN_BLOCK_CAPTURE_AUTORELEASING = YES;
				CLANG_WARN_BOOL_CONVERSION = YES;
				CLANG_WARN_COMMA = YES;
				CLANG_WARN_CONSTANT_CONVERSION = YES;
				CLANG_WARN_DEPRECATED_OBJC_IMPLEMENTATIONS = YES;
				CLANG_WARN_DIRECT_OBJC_ISA_USAGE = YES_ERROR;
				CLANG_WARN_DOCUMENTATION_COMMENTS = YES;
				CLANG_WARN_EMPTY_BODY = YES;
				CLANG_WARN_ENUM_CONVERSION = YES;
				CLANG_WARN_INFINITE_RECURSION = YES;
				CLANG_WARN_INT_CONVERSION = YES;
				CLANG_WARN_NON_LITERAL_NULL_CONVERSION = YES;
				CLANG_WARN_OBJC_IMPLICIT_RETAIN_SELF = YES;
				CLANG_WARN_OBJC_LITERAL_CONVERSION = YES;
				CLANG_WARN_OBJC_ROOT_CLASS = YES_ERROR;
				CLANG_WARN_QUOTED_INCLUDE_IN_FRAMEWORK_HEADER = YES;
				CLANG_WARN_RANGE_LOOP_ANALYSIS = YES;
				CLANG_WARN_STRICT_PROTOTYPES = YES;
				CLANG_WARN_SUSPICIOUS_MOVE = YES;
				CLANG_WARN_UNGUARDED_AVAILABILITY = YES_AGGRESSIVE;
				CLANG_WARN_UNREACHABLE_CODE = YES;
				CLANG_WARN__DUPLICATE_METHOD_MATCH = YES;
				COPY_PHASE_STRIP = NO;
				DEBUG_INFORMATION_FORMAT = dwarf;
				DEVELOPMENT_TEAM = QPU9QQZANF;
				ENABLE_STRICT_OBJC_MSGSEND = YES;
				ENABLE_TESTABILITY = YES;
				ENABLE_USER_SCRIPT_SANDBOXING = YES;
				GCC_C_LANGUAGE_STANDARD = gnu17;
				GCC_DYNAMIC_NO_PIC = NO;
				GCC_NO_COMMON_BLOCKS = YES;
				GCC_OPTIMIZATION_LEVEL = 0;
				GCC_PREPROCESSOR_DEFINITIONS = (
					"DEBUG=1",
					"$(inherited)",
				);
				GCC_WARN_64_TO_32_BIT_CONVERSION = YES;
				GCC_WARN_ABOUT_RETURN_TYPE = YES_ERROR;
				GCC_WARN_UNDECLARED_SELECTOR = YES;
				GCC_WARN_UNINITIALIZED_AUTOS = YES_AGGRESSIVE;
				GCC_WARN_UNUSED_FUNCTION = YES;
				GCC_WARN_UNUSED_VARIABLE = YES;
				IPHONEOS_DEPLOYMENT_TARGET = 26.0;
				LOCALIZATION_PREFERS_STRING_CATALOGS = YES;
				MTL_ENABLE_DEBUG_INFO = INCLUDE_SOURCE;
				MTL_FAST_MATH = YES;
				ONLY_ACTIVE_ARCH = YES;
				SDKROOT = iphoneos;
				SWIFT_ACTIVE_COMPILATION_CONDITIONS = "DEBUG $(inherited)";
				SWIFT_OPTIMIZATION_LEVEL = "-Onone";
			};
			name = Debug;
		};
		CA40B0582E7C6B4500C6FCCE /* Release */ = {
			isa = XCBuildConfiguration;
			buildSettings = {
				ALWAYS_SEARCH_USER_PATHS = NO;
				ASSETCATALOG_COMPILER_GENERATE_SWIFT_ASSET_SYMBOL_EXTENSIONS = YES;
				CLANG_ANALYZER_NONNULL = YES;
				CLANG_ANALYZER_NUMBER_OBJECT_CONVERSION = YES_AGGRESSIVE;
				CLANG_CXX_LANGUAGE_STANDARD = "gnu++20";
				CLANG_ENABLE_MODULES = YES;
				CLANG_ENABLE_OBJC_ARC = YES;
				CLANG_ENABLE_OBJC_WEAK = YES;
				CLANG_WARN_BLOCK_CAPTURE_AUTORELEASING = YES;
				CLANG_WARN_BOOL_CONVERSION = YES;
				CLANG_WARN_COMMA = YES;
				CLANG_WARN_CONSTANT_CONVERSION = YES;
				CLANG_WARN_DEPRECATED_OBJC_IMPLEMENTATIONS = YES;
				CLANG_WARN_DIRECT_OBJC_ISA_USAGE = YES_ERROR;
				CLANG_WARN_DOCUMENTATION_COMMENTS = YES;
				CLANG_WARN_EMPTY_BODY = YES;
				CLANG_WARN_ENUM_CONVERSION = YES;
				CLANG_WARN_INFINITE_RECURSION = YES;
				CLANG_WARN_INT_CONVERSION = YES;
				CLANG_WARN_NON_LITERAL_NULL_CONVERSION = YES;
				CLANG_WARN_OBJC_IMPLICIT_RETAIN_SELF = YES;
				CLANG_WARN_OBJC_LITERAL_CONVERSION = YES;
				CLANG_WARN_OBJC_ROOT_CLASS = YES_ERROR;
				CLANG_WARN_QUOTED_INCLUDE_IN_FRAMEWORK_HEADER = YES;
				CLANG_WARN_RANGE_LOOP_ANALYSIS = YES;
				CLANG_WARN_STRICT_PROTOTYPES = YES;
				CLANG_WARN_SUSPICIOUS_MOVE = YES;
				CLANG_WARN_UNGUARDED_AVAILABILITY = YES_AGGRESSIVE;
				CLANG_WARN_UNREACHABLE_CODE = YES;
				CLANG_WARN__DUPLICATE_METHOD_MATCH = YES;
				COPY_PHASE_STRIP = NO;
				DEBUG_INFORMATION_FORMAT = "dwarf-with-dsym";
				DEVELOPMENT_TEAM = QPU9QQZANF;
				ENABLE_NS_ASSERTIONS = NO;
				ENABLE_STRICT_OBJC_MSGSEND = YES;
				ENABLE_USER_SCRIPT_SANDBOXING = YES;
				GCC_C_LANGUAGE_STANDARD = gnu17;
				GCC_NO_COMMON_BLOCKS = YES;
				GCC_WARN_64_TO_32_BIT_CONVERSION = YES;
				GCC_WARN_ABOUT_RETURN_TYPE = YES_ERROR;
				GCC_WARN_UNDECLARED_SELECTOR = YES;
				GCC_WARN_UNINITIALIZED_AUTOS = YES_AGGRESSIVE;
				GCC_WARN_UNUSED_FUNCTION = YES;
				GCC_WARN_UNUSED_VARIABLE = YES;
				IPHONEOS_DEPLOYMENT_TARGET = 26.0;
				LOCALIZATION_PREFERS_STRING_CATALOGS = YES;
				MTL_ENABLE_DEBUG_INFO = NO;
				MTL_FAST_MATH = YES;
				SDKROOT = iphoneos;
				SWIFT_COMPILATION_MODE = wholemodule;
				VALIDATE_PRODUCT = YES;
			};
			name = Release;
		};
		CA40B05A2E7C6B4500C6FCCE /* Debug */ = {
			isa = XCBuildConfiguration;
			buildSettings = {
				ASSETCATALOG_COMPILER_APPICON_NAME = AppIcon;
				ASSETCATALOG_COMPILER_GLOBAL_ACCENT_COLOR_NAME = AccentColor;
				CODE_SIGN_STYLE = Automatic;
				CURRENT_PROJECT_VERSION = 1;
				DEVELOPMENT_TEAM = QPU9QQZANF;
				ENABLE_PREVIEWS = YES;
				GENERATE_INFOPLIST_FILE = YES;
				INFOPLIST_KEY_UIApplicationSceneManifest_Generation = YES;
				INFOPLIST_KEY_UIApplicationSupportsIndirectInputEvents = YES;
				INFOPLIST_KEY_UILaunchScreen_Generation = YES;
				INFOPLIST_KEY_UISupportedInterfaceOrientations_iPad = "UIInterfaceOrientationPortrait UIInterfaceOrientationPortraitUpsideDown UIInterfaceOrientationLandscapeLeft UIInterfaceOrientationLandscapeRight";
				INFOPLIST_KEY_UISupportedInterfaceOrientations_iPhone = "UIInterfaceOrientationPortrait UIInterfaceOrientationLandscapeLeft UIInterfaceOrientationLandscapeRight";
				LD_RUNPATH_SEARCH_PATHS = (
					"$(inherited)",
					"@executable_path/Frameworks",
				);
				MARKETING_VERSION = 1.0;
				PRODUCT_BUNDLE_IDENTIFIER = com.VehicleCompanion;
				PRODUCT_NAME = "$(TARGET_NAME)";
				STRING_CATALOG_GENERATE_SYMBOLS = YES;
				SWIFT_APPROACHABLE_CONCURRENCY = YES;
				SWIFT_DEFAULT_ACTOR_ISOLATION = MainActor;
				SWIFT_EMIT_LOC_STRINGS = YES;
				SWIFT_UPCOMING_FEATURE_MEMBER_IMPORT_VISIBILITY = YES;
				SWIFT_VERSION = 5.0;
				TARGETED_DEVICE_FAMILY = "1,2";
			};
			name = Debug;
		};
		CA40B05B2E7C6B4500C6FCCE /* Release */ = {
			isa = XCBuildConfiguration;
			buildSettings = {
				ASSETCATALOG_COMPILER_APPICON_NAME = AppIcon;
				ASSETCATALOG_COMPILER_GLOBAL_ACCENT_COLOR_NAME = AccentColor;
				CODE_SIGN_STYLE = Automatic;
				CURRENT_PROJECT_VERSION = 1;
				DEVELOPMENT_TEAM = QPU9QQZANF;
				ENABLE_PREVIEWS = YES;
				GENERATE_INFOPLIST_FILE = YES;
				INFOPLIST_KEY_UIApplicationSceneManifest_Generation = YES;
				INFOPLIST_KEY_UIApplicationSupportsIndirectInputEvents = YES;
				INFOPLIST_KEY_UILaunchScreen_Generation = YES;
				INFOPLIST_KEY_UISupportedInterfaceOrientations_iPad = "UIInterfaceOrientationPortrait UIInterfaceOrientationPortraitUpsideDown UIInterfaceOrientationLandscapeLeft UIInterfaceOrientationLandscapeRight";
				INFOPLIST_KEY_UISupportedInterfaceOrientations_iPhone = "UIInterfaceOrientationPortrait UIInterfaceOrientationLandscapeLeft UIInterfaceOrientationLandscapeRight";
				LD_RUNPATH_SEARCH_PATHS = (
					"$(inherited)",
					"@executable_path/Frameworks",
				);
				MARKETING_VERSION = 1.0;
				PRODUCT_BUNDLE_IDENTIFIER = com.VehicleCompanion;
				PRODUCT_NAME = "$(TARGET_NAME)";
				STRING_CATALOG_GENERATE_SYMBOLS = YES;
				SWIFT_APPROACHABLE_CONCURRENCY = YES;
				SWIFT_DEFAULT_ACTOR_ISOLATION = MainActor;
				SWIFT_EMIT_LOC_STRINGS = YES;
				SWIFT_UPCOMING_FEATURE_MEMBER_IMPORT_VISIBILITY = YES;
				SWIFT_VERSION = 5.0;
				TARGETED_DEVICE_FAMILY = "1,2";
			};
			name = Release;
		};
		CA40B05D2E7C6B4500C6FCCE /* Debug */ = {
			isa = XCBuildConfiguration;
			buildSettings = {
				BUNDLE_LOADER = "$(TEST_HOST)";
				CODE_SIGN_STYLE = Automatic;
				CURRENT_PROJECT_VERSION = 1;
				DEVELOPMENT_TEAM = QPU9QQZANF;
				GENERATE_INFOPLIST_FILE = YES;
				IPHONEOS_DEPLOYMENT_TARGET = 26.0;
				MARKETING_VERSION = 1.0;
				PRODUCT_BUNDLE_IDENTIFIER = com.VehicleCompanionTests;
				PRODUCT_NAME = "$(TARGET_NAME)";
				STRING_CATALOG_GENERATE_SYMBOLS = NO;
				SWIFT_APPROACHABLE_CONCURRENCY = YES;
				SWIFT_EMIT_LOC_STRINGS = NO;
				SWIFT_UPCOMING_FEATURE_MEMBER_IMPORT_VISIBILITY = YES;
				SWIFT_VERSION = 5.0;
				TARGETED_DEVICE_FAMILY = "1,2";
				TEST_HOST = "$(BUILT_PRODUCTS_DIR)/VehicleCompanion.app/$(BUNDLE_EXECUTABLE_FOLDER_PATH)/VehicleCompanion";
			};
			name = Debug;
		};
		CA40B05E2E7C6B4500C6FCCE /* Release */ = {
			isa = XCBuildConfiguration;
			buildSettings = {
				BUNDLE_LOADER = "$(TEST_HOST)";
				CODE_SIGN_STYLE = Automatic;
				CURRENT_PROJECT_VERSION = 1;
				DEVELOPMENT_TEAM = QPU9QQZANF;
				GENERATE_INFOPLIST_FILE = YES;
				IPHONEOS_DEPLOYMENT_TARGET = 26.0;
				MARKETING_VERSION = 1.0;
				PRODUCT_BUNDLE_IDENTIFIER = com.VehicleCompanionTests;
				PRODUCT_NAME = "$(TARGET_NAME)";
				STRING_CATALOG_GENERATE_SYMBOLS = NO;
				SWIFT_APPROACHABLE_CONCURRENCY = YES;
				SWIFT_EMIT_LOC_STRINGS = NO;
				SWIFT_UPCOMING_FEATURE_MEMBER_IMPORT_VISIBILITY = YES;
				SWIFT_VERSION = 5.0;
				TARGETED_DEVICE_FAMILY = "1,2";
				TEST_HOST = "$(BUILT_PRODUCTS_DIR)/VehicleCompanion.app/$(BUNDLE_EXECUTABLE_FOLDER_PATH)/VehicleCompanion";
			};
			name = Release;
		};
		CA40B0602E7C6B4500C6FCCE /* Debug */ = {
			isa = XCBuildConfiguration;
			buildSettings = {
				CODE_SIGN_STYLE = Automatic;
				CURRENT_PROJECT_VERSION = 1;
				DEVELOPMENT_TEAM = QPU9QQZANF;
				GENERATE_INFOPLIST_FILE = YES;
				MARKETING_VERSION = 1.0;
				PRODUCT_BUNDLE_IDENTIFIER = com.VehicleCompanionUITests;
				PRODUCT_NAME = "$(TARGET_NAME)";
				STRING_CATALOG_GENERATE_SYMBOLS = NO;
				SWIFT_APPROACHABLE_CONCURRENCY = YES;
				SWIFT_EMIT_LOC_STRINGS = NO;
				SWIFT_UPCOMING_FEATURE_MEMBER_IMPORT_VISIBILITY = YES;
				SWIFT_VERSION = 5.0;
				TARGETED_DEVICE_FAMILY = "1,2";
				TEST_TARGET_NAME = VehicleCompanion;
			};
			name = Debug;
		};
		CA40B0612E7C6B4500C6FCCE /* Release */ = {
			isa = XCBuildConfiguration;
			buildSettings = {
				CODE_SIGN_STYLE = Automatic;
				CURRENT_PROJECT_VERSION = 1;
				DEVELOPMENT_TEAM = QPU9QQZANF;
				GENERATE_INFOPLIST_FILE = YES;
				MARKETING_VERSION = 1.0;
				PRODUCT_BUNDLE_IDENTIFIER = com.VehicleCompanionUITests;
				PRODUCT_NAME = "$(TARGET_NAME)";
				STRING_CATALOG_GENERATE_SYMBOLS = NO;
				SWIFT_APPROACHABLE_CONCURRENCY = YES;
				SWIFT_EMIT_LOC_STRINGS = NO;
				SWIFT_UPCOMING_FEATURE_MEMBER_IMPORT_VISIBILITY = YES;
				SWIFT_VERSION = 5.0;
				TARGETED_DEVICE_FAMILY = "1,2";
				TEST_TARGET_NAME = VehicleCompanion;
			};
			name = Release;
		};
/* End XCBuildConfiguration section */

/* Begin XCConfigurationList section */
		CA40B0312E7C6B4300C6FCCE /* Build configuration list for PBXProject "VehicleCompanion" */ = {
			isa = XCConfigurationList;
			buildConfigurations = (
				CA40B0572E7C6B4500C6FCCE /* Debug */,
				CA40B0582E7C6B4500C6FCCE /* Release */,
			);
			defaultConfigurationIsVisible = 0;
			defaultConfigurationName = Release;
		};
		CA40B0592E7C6B4500C6FCCE /* Build configuration list for PBXNativeTarget "VehicleCompanion" */ = {
			isa = XCConfigurationList;
			buildConfigurations = (
				CA40B05A2E7C6B4500C6FCCE /* Debug */,
				CA40B05B2E7C6B4500C6FCCE /* Release */,
			);
			defaultConfigurationIsVisible = 0;
			defaultConfigurationName = Release;
		};
		CA40B05C2E7C6B4500C6FCCE /* Build configuration list for PBXNativeTarget "VehicleCompanionTests" */ = {
			isa = XCConfigurationList;
			buildConfigurations = (
				CA40B05D2E7C6B4500C6FCCE /* Debug */,
				CA40B05E2E7C6B4500C6FCCE /* Release */,
			);
			defaultConfigurationIsVisible = 0;
			defaultConfigurationName = Release;
		};
		CA40B05F2E7C6B4500C6FCCE /* Build configuration list for PBXNativeTarget "VehicleCompanionUITests" */ = {
			isa = XCConfigurationList;
			buildConfigurations = (
				CA40B0602E7C6B4500C6FCCE /* Debug */,
				CA40B0612E7C6B4500C6FCCE /* Release */,
			);
			defaultConfigurationIsVisible = 0;
			defaultConfigurationName = Release;
		};
/* End XCConfigurationList section */
	};
	rootObject = CA40B02E2E7C6B4300C6FCCE /* Project object */;
}
